
Microsoft Visual Studio Solution File, Format Version 12.00
# Visual Studio Version 16
VisualStudioVersion = 16.0.30907.101
MinimumVisualStudioVersion = 10.0.40219.1
Project("{FAE04EC0-301F-11D3-BF4B-00C04F79EFBC}") = "CoralDraw", "CoralDraw\CoralDraw.csproj", "{FF93DD78-205E-4FD4-8063-1877CE9F8119}"
EndProject
Global
	GlobalSection(SolutionConfigurationPlatforms) = preSolution
		Debug|Any CPU = Debug|Any CPU
		Release|Any CPU = Release|Any CPU
	EndGlobalSection
	GlobalSection(ProjectConfigurationPlatforms) = postSolution
		{FF93DD78-205E-4FD4-8063-1877CE9F8119}.Debug|Any CPU.ActiveCfg = Debug|Any CPU
		{FF93DD78-205E-4FD4-8063-1877CE9F8119}.Debug|Any CPU.Build.0 = Debug|Any CPU
		{FF93DD78-205E-4FD4-8063-1877CE9F8119}.Release|Any CPU.ActiveCfg = Release|Any CPU
		{FF93DD78-205E-4FD4-8063-1877CE9F8119}.Release|Any CPU.Build.0 = Release|Any CPU
	EndGlobalSection
	GlobalSection(SolutionProperties) = preSolution
		HideSolutionNode = FALSE
	EndGlobalSection
	GlobalSection(ExtensibilityGlobals) = postSolution
		SolutionGuid = {3B16A22E-B592-4148-8227-0DE3E58F48E2}
	EndGlobalSection
EndGlobal
